{
  "requires": true,
  "lockfileVersion": 1,
  "dependencies": {
    "@types/node": {
      "version": "14.0.22",
      "resolved": "https://registry.npmjs.org/@types/node/-/node-14.0.22.tgz",
      "integrity": "sha512-emeGcJvdiZ4Z3ohbmw93E/64jRzUHAItSHt8nF7M4TGgQTiWqFVGB8KNpLGFmUHmHLvjvBgFwVlqNcq+VuGv9g=="
    },
    "@types/readline-sync": {
      "version": "1.4.3",
      "resolved": "https://registry.npmjs.org/@types/readline-sync/-/readline-sync-1.4.3.tgz",
      "integrity": "sha512-YP9NVli96E+qQLAF2db+VjnAUEeZcFVg4YnMgr8kpDUFwQBnj31rPLOVHmazbKQhaIkJ9cMHsZhpKdzUeL0KTg=="
    },
    "fp-ts": {
      "version": "2.7.0",
      "resolved": "https://registry.npmjs.org/fp-ts/-/fp-ts-2.7.0.tgz",
      "integrity": "sha512-J7EIg4MEVuOm1vZspQDVYRD/CTsQECQk01cP5VEBvQ5LnSSjp6sckun1m1eUPSuvtMIlGgm9NqqOxE0+QyntWQ=="
    },
    "fp-ts-contrib": {
      "version": "0.1.17",
      "resolved": "https://registry.npmjs.org/fp-ts-contrib/-/fp-ts-contrib-0.1.17.tgz",
      "integrity": "sha512-UBQ7AdGp0GktLkIn3e6npVIfLm1ZM+racizgVqL88j6HBLBoBjRtVjIxRIS6YbNypuP94ngaZpy2SEib9lnZ9A=="
    },
    "readline-sync": {
      "version": "1.4.10",
      "resolved": "https://registry.npmjs.org/readline-sync/-/readline-sync-1.4.10.tgz",
      "integrity": "sha512-gNva8/6UAe8QYepIQH/jQ2qn91Qj0B9sYjMBBs3QOB8F2CXcKgLxQaJRP76sWVRQt+QU+8fAkCbCvjjMFu7Ycw=="
    }
  }
}
